
Microsoft Visual Studio Solution File, Format Version 12.00
Project("{2150E333-8FDC-42A3-9474-1A3956D46DE8}") = "Server", "Server", "{F3A3C9DA-6C9E-41C0-87AB-70CBDFA4793B}"
EndProject
Project("{FAE04EC0-301F-11D3-BF4B-00C04F79EFBC}") = "Mediporta.StackOverflow.ApiClient", "Server\Mediporta.StackOverflow.ApiClient\Mediporta.StackOverflow.ApiClient.csproj", "{CE48478F-D4F1-4523-89A0-0F7D3B9BAF85}"
EndProject
Project("{FAE04EC0-301F-11D3-BF4B-00C04F79EFBC}") = "Mediporta.Data", "Server\Mediporta.Data\Mediporta.Data.csproj", "{5DB2140C-A4C7-4BC6-813A-5195E6CE3DEE}"
EndProject
Project("{FAE04EC0-301F-11D3-BF4B-00C04F79EFBC}") = "Mediporta.Api", "Server\Mediporta.Api\Mediporta.Api.csproj", "{886DAC9E-A9FD-4612-8A96-BB1A17DFC1E1}"
EndProject
Project("{2150E333-8FDC-42A3-9474-1A3956D46DE8}") = "Solution Items", "Solution Items", "{404D4429-B033-4598-8D22-A552BB1A3E1E}"
	ProjectSection(SolutionItems) = preProject
		compose.yaml = compose.yaml
	EndProjectSection
EndProject
Project("{FAE04EC0-301F-11D3-BF4B-00C04F79EFBC}") = "Mediporta.Core", "Server\Mediporta.Core\Mediporta.Core.csproj", "{13DE6E2A-6739-4383-A051-12A415358B51}"
EndProject
Project("{2150E333-8FDC-42A3-9474-1A3956D46DE8}") = "Shared", "Shared", "{3924BBB9-D6B6-4C99-B5D1-68306A9383B9}"
EndProject
Project("{FAE04EC0-301F-11D3-BF4B-00C04F79EFBC}") = "Mediporta.Shared", "Mediporta.Shared\Mediporta.Shared.csproj", "{7B8DAC30-3B1A-436C-8291-78AD204EAC53}"
EndProject
Project("{2150E333-8FDC-42A3-9474-1A3956D46DE8}") = "Client", "Client", "{B8BFC309-CC43-4601-8E50-32C538BB89DE}"
EndProject
Project("{FAE04EC0-301F-11D3-BF4B-00C04F79EFBC}") = "Mediporta.Client.App", "Client\Mediporta.Client.App\Mediporta.Client.App.csproj", "{DBAC6F9C-D0A5-47EF-B36D-5F84D2A0282E}"
EndProject
Project("{2150E333-8FDC-42A3-9474-1A3956D46DE8}") = "Tests", "Tests", "{1C1F2A7C-3B4A-44BC-86B5-E5E2C1A54178}"
EndProject
Project("{2150E333-8FDC-42A3-9474-1A3956D46DE8}") = "Tests", "Tests", "{12AA4E6D-C2E1-4DE0-8154-8E473D43E87D}"
EndProject
Project("{FAE04EC0-301F-11D3-BF4B-00C04F79EFBC}") = "Mediporta.Tests.Unit", "Server\Tests\Mediporta.Tests.Unit\Mediporta.Tests.Unit.csproj", "{E459A7B1-73E5-4E16-B68D-62EC8DD688D6}"
EndProject
Project("{FAE04EC0-301F-11D3-BF4B-00C04F79EFBC}") = "Mediporta.Tests.Integration", "Server\Tests\Mediporta.Tests.Integration\Mediporta.Tests.Integration.csproj", "{996A0300-F6EE-4966-A461-E0101184431A}"
EndProject
Project("{FAE04EC0-301F-11D3-BF4B-00C04F79EFBC}") = "Mediporta.Client.Tests.Unit", "Client\Tests\Mediporta.Client.Tests.Unit\Mediporta.Client.Tests.Unit.csproj", "{543FB1E5-F4E9-49BE-980A-9D14ED2EA5E0}"
EndProject
Global
	GlobalSection(SolutionConfigurationPlatforms) = preSolution
		Debug|Any CPU = Debug|Any CPU
		Debug|x64 = Debug|x64
		Debug|x86 = Debug|x86
		Release|Any CPU = Release|Any CPU
		Release|x64 = Release|x64
		Release|x86 = Release|x86
	EndGlobalSection
	GlobalSection(ProjectConfigurationPlatforms) = postSolution
		{CE48478F-D4F1-4523-89A0-0F7D3B9BAF85}.Debug|Any CPU.ActiveCfg = Debug|Any CPU
		{CE48478F-D4F1-4523-89A0-0F7D3B9BAF85}.Debug|Any CPU.Build.0 = Debug|Any CPU
		{CE48478F-D4F1-4523-89A0-0F7D3B9BAF85}.Debug|x64.ActiveCfg = Debug|Any CPU
		{CE48478F-D4F1-4523-89A0-0F7D3B9BAF85}.Debug|x64.Build.0 = Debug|Any CPU
		{CE48478F-D4F1-4523-89A0-0F7D3B9BAF85}.Debug|x86.ActiveCfg = Debug|Any CPU
		{CE48478F-D4F1-4523-89A0-0F7D3B9BAF85}.Debug|x86.Build.0 = Debug|Any CPU
		{CE48478F-D4F1-4523-89A0-0F7D3B9BAF85}.Release|Any CPU.ActiveCfg = Release|Any CPU
		{CE48478F-D4F1-4523-89A0-0F7D3B9BAF85}.Release|Any CPU.Build.0 = Release|Any CPU
		{CE48478F-D4F1-4523-89A0-0F7D3B9BAF85}.Release|x64.ActiveCfg = Release|Any CPU
		{CE48478F-D4F1-4523-89A0-0F7D3B9BAF85}.Release|x64.Build.0 = Release|Any CPU
		{CE48478F-D4F1-4523-89A0-0F7D3B9BAF85}.Release|x86.ActiveCfg = Release|Any CPU
		{CE48478F-D4F1-4523-89A0-0F7D3B9BAF85}.Release|x86.Build.0 = Release|Any CPU
		{5DB2140C-A4C7-4BC6-813A-5195E6CE3DEE}.Debug|Any CPU.ActiveCfg = Debug|Any CPU
		{5DB2140C-A4C7-4BC6-813A-5195E6CE3DEE}.Debug|Any CPU.Build.0 = Debug|Any CPU
		{5DB2140C-A4C7-4BC6-813A-5195E6CE3DEE}.Debug|x64.ActiveCfg = Debug|Any CPU
		{5DB2140C-A4C7-4BC6-813A-5195E6CE3DEE}.Debug|x64.Build.0 = Debug|Any CPU
		{5DB2140C-A4C7-4BC6-813A-5195E6CE3DEE}.Debug|x86.ActiveCfg = Debug|Any CPU
		{5DB2140C-A4C7-4BC6-813A-5195E6CE3DEE}.Debug|x86.Build.0 = Debug|Any CPU
		{5DB2140C-A4C7-4BC6-813A-5195E6CE3DEE}.Release|Any CPU.ActiveCfg = Release|Any CPU
		{5DB2140C-A4C7-4BC6-813A-5195E6CE3DEE}.Release|Any CPU.Build.0 = Release|Any CPU
		{5DB2140C-A4C7-4BC6-813A-5195E6CE3DEE}.Release|x64.ActiveCfg = Release|Any CPU
		{5DB2140C-A4C7-4BC6-813A-5195E6CE3DEE}.Release|x64.Build.0 = Release|Any CPU
		{5DB2140C-A4C7-4BC6-813A-5195E6CE3DEE}.Release|x86.ActiveCfg = Release|Any CPU
		{5DB2140C-A4C7-4BC6-813A-5195E6CE3DEE}.Release|x86.Build.0 = Release|Any CPU
		{886DAC9E-A9FD-4612-8A96-BB1A17DFC1E1}.Debug|Any CPU.ActiveCfg = Debug|Any CPU
		{886DAC9E-A9FD-4612-8A96-BB1A17DFC1E1}.Debug|Any CPU.Build.0 = Debug|Any CPU
		{886DAC9E-A9FD-4612-8A96-BB1A17DFC1E1}.Debug|x64.ActiveCfg = Debug|Any CPU
		{886DAC9E-A9FD-4612-8A96-BB1A17DFC1E1}.Debug|x64.Build.0 = Debug|Any CPU
		{886DAC9E-A9FD-4612-8A96-BB1A17DFC1E1}.Debug|x86.ActiveCfg = Debug|Any CPU
		{886DAC9E-A9FD-4612-8A96-BB1A17DFC1E1}.Debug|x86.Build.0 = Debug|Any CPU
		{886DAC9E-A9FD-4612-8A96-BB1A17DFC1E1}.Release|Any CPU.ActiveCfg = Release|Any CPU
		{886DAC9E-A9FD-4612-8A96-BB1A17DFC1E1}.Release|Any CPU.Build.0 = Release|Any CPU
		{886DAC9E-A9FD-4612-8A96-BB1A17DFC1E1}.Release|x64.ActiveCfg = Release|Any CPU
		{886DAC9E-A9FD-4612-8A96-BB1A17DFC1E1}.Release|x64.Build.0 = Release|Any CPU
		{886DAC9E-A9FD-4612-8A96-BB1A17DFC1E1}.Release|x86.ActiveCfg = Release|Any CPU
		{886DAC9E-A9FD-4612-8A96-BB1A17DFC1E1}.Release|x86.Build.0 = Release|Any CPU
		{13DE6E2A-6739-4383-A051-12A415358B51}.Debug|Any CPU.ActiveCfg = Debug|Any CPU
		{13DE6E2A-6739-4383-A051-12A415358B51}.Debug|Any CPU.Build.0 = Debug|Any CPU
		{13DE6E2A-6739-4383-A051-12A415358B51}.Debug|x64.ActiveCfg = Debug|Any CPU
		{13DE6E2A-6739-4383-A051-12A415358B51}.Debug|x64.Build.0 = Debug|Any CPU
		{13DE6E2A-6739-4383-A051-12A415358B51}.Debug|x86.ActiveCfg = Debug|Any CPU
		{13DE6E2A-6739-4383-A051-12A415358B51}.Debug|x86.Build.0 = Debug|Any CPU
		{13DE6E2A-6739-4383-A051-12A415358B51}.Release|Any CPU.ActiveCfg = Release|Any CPU
		{13DE6E2A-6739-4383-A051-12A415358B51}.Release|Any CPU.Build.0 = Release|Any CPU
		{13DE6E2A-6739-4383-A051-12A415358B51}.Release|x64.ActiveCfg = Release|Any CPU
		{13DE6E2A-6739-4383-A051-12A415358B51}.Release|x64.Build.0 = Release|Any CPU
		{13DE6E2A-6739-4383-A051-12A415358B51}.Release|x86.ActiveCfg = Release|Any CPU
		{13DE6E2A-6739-4383-A051-12A415358B51}.Release|x86.Build.0 = Release|Any CPU
		{7B8DAC30-3B1A-436C-8291-78AD204EAC53}.Debug|Any CPU.ActiveCfg = Debug|Any CPU
		{7B8DAC30-3B1A-436C-8291-78AD204EAC53}.Debug|Any CPU.Build.0 = Debug|Any CPU
		{7B8DAC30-3B1A-436C-8291-78AD204EAC53}.Debug|x64.ActiveCfg = Debug|Any CPU
		{7B8DAC30-3B1A-436C-8291-78AD204EAC53}.Debug|x64.Build.0 = Debug|Any CPU
		{7B8DAC30-3B1A-436C-8291-78AD204EAC53}.Debug|x86.ActiveCfg = Debug|Any CPU
		{7B8DAC30-3B1A-436C-8291-78AD204EAC53}.Debug|x86.Build.0 = Debug|Any CPU
		{7B8DAC30-3B1A-436C-8291-78AD204EAC53}.Release|Any CPU.ActiveCfg = Release|Any CPU
		{7B8DAC30-3B1A-436C-8291-78AD204EAC53}.Release|Any CPU.Build.0 = Release|Any CPU
		{7B8DAC30-3B1A-436C-8291-78AD204EAC53}.Release|x64.ActiveCfg = Release|Any CPU
		{7B8DAC30-3B1A-436C-8291-78AD204EAC53}.Release|x64.Build.0 = Release|Any CPU
		{7B8DAC30-3B1A-436C-8291-78AD204EAC53}.Release|x86.ActiveCfg = Release|Any CPU
		{7B8DAC30-3B1A-436C-8291-78AD204EAC53}.Release|x86.Build.0 = Release|Any CPU
		{DBAC6F9C-D0A5-47EF-B36D-5F84D2A0282E}.Debug|Any CPU.ActiveCfg = Debug|Any CPU
		{DBAC6F9C-D0A5-47EF-B36D-5F84D2A0282E}.Debug|Any CPU.Build.0 = Debug|Any CPU
		{DBAC6F9C-D0A5-47EF-B36D-5F84D2A0282E}.Debug|x64.ActiveCfg = Debug|Any CPU
		{DBAC6F9C-D0A5-47EF-B36D-5F84D2A0282E}.Debug|x64.Build.0 = Debug|Any CPU
		{DBAC6F9C-D0A5-47EF-B36D-5F84D2A0282E}.Debug|x86.ActiveCfg = Debug|Any CPU
		{DBAC6F9C-D0A5-47EF-B36D-5F84D2A0282E}.Debug|x86.Build.0 = Debug|Any CPU
		{DBAC6F9C-D0A5-47EF-B36D-5F84D2A0282E}.Release|Any CPU.ActiveCfg = Release|Any CPU
		{DBAC6F9C-D0A5-47EF-B36D-5F84D2A0282E}.Release|Any CPU.Build.0 = Release|Any CPU
		{DBAC6F9C-D0A5-47EF-B36D-5F84D2A0282E}.Release|x64.ActiveCfg = Release|Any CPU
		{DBAC6F9C-D0A5-47EF-B36D-5F84D2A0282E}.Release|x64.Build.0 = Release|Any CPU
		{DBAC6F9C-D0A5-47EF-B36D-5F84D2A0282E}.Release|x86.ActiveCfg = Release|Any CPU
		{DBAC6F9C-D0A5-47EF-B36D-5F84D2A0282E}.Release|x86.Build.0 = Release|Any CPU
		{E459A7B1-73E5-4E16-B68D-62EC8DD688D6}.Debug|Any CPU.ActiveCfg = Debug|Any CPU
		{E459A7B1-73E5-4E16-B68D-62EC8DD688D6}.Debug|Any CPU.Build.0 = Debug|Any CPU
		{E459A7B1-73E5-4E16-B68D-62EC8DD688D6}.Debug|x64.ActiveCfg = Debug|Any CPU
		{E459A7B1-73E5-4E16-B68D-62EC8DD688D6}.Debug|x64.Build.0 = Debug|Any CPU
		{E459A7B1-73E5-4E16-B68D-62EC8DD688D6}.Debug|x86.ActiveCfg = Debug|Any CPU
		{E459A7B1-73E5-4E16-B68D-62EC8DD688D6}.Debug|x86.Build.0 = Debug|Any CPU
		{E459A7B1-73E5-4E16-B68D-62EC8DD688D6}.Release|Any CPU.ActiveCfg = Release|Any CPU
		{E459A7B1-73E5-4E16-B68D-62EC8DD688D6}.Release|Any CPU.Build.0 = Release|Any CPU
		{E459A7B1-73E5-4E16-B68D-62EC8DD688D6}.Release|x64.ActiveCfg = Release|Any CPU
		{E459A7B1-73E5-4E16-B68D-62EC8DD688D6}.Release|x64.Build.0 = Release|Any CPU
		{E459A7B1-73E5-4E16-B68D-62EC8DD688D6}.Release|x86.ActiveCfg = Release|Any CPU
		{E459A7B1-73E5-4E16-B68D-62EC8DD688D6}.Release|x86.Build.0 = Release|Any CPU
		{996A0300-F6EE-4966-A461-E0101184431A}.Debug|Any CPU.ActiveCfg = Debug|Any CPU
		{996A0300-F6EE-4966-A461-E0101184431A}.Debug|Any CPU.Build.0 = Debug|Any CPU
		{996A0300-F6EE-4966-A461-E0101184431A}.Debug|x64.ActiveCfg = Debug|Any CPU
		{996A0300-F6EE-4966-A461-E0101184431A}.Debug|x64.Build.0 = Debug|Any CPU
		{996A0300-F6EE-4966-A461-E0101184431A}.Debug|x86.ActiveCfg = Debug|Any CPU
		{996A0300-F6EE-4966-A461-E0101184431A}.Debug|x86.Build.0 = Debug|Any CPU
		{996A0300-F6EE-4966-A461-E0101184431A}.Release|Any CPU.ActiveCfg = Release|Any CPU
		{996A0300-F6EE-4966-A461-E0101184431A}.Release|Any CPU.Build.0 = Release|Any CPU
		{996A0300-F6EE-4966-A461-E0101184431A}.Release|x64.ActiveCfg = Release|Any CPU
		{996A0300-F6EE-4966-A461-E0101184431A}.Release|x64.Build.0 = Release|Any CPU
		{996A0300-F6EE-4966-A461-E0101184431A}.Release|x86.ActiveCfg = Release|Any CPU
		{996A0300-F6EE-4966-A461-E0101184431A}.Release|x86.Build.0 = Release|Any CPU
		{543FB1E5-F4E9-49BE-980A-9D14ED2EA5E0}.Debug|Any CPU.ActiveCfg = Debug|Any CPU
		{543FB1E5-F4E9-49BE-980A-9D14ED2EA5E0}.Debug|Any CPU.Build.0 = Debug|Any CPU
		{543FB1E5-F4E9-49BE-980A-9D14ED2EA5E0}.Debug|x64.ActiveCfg = Debug|Any CPU
		{543FB1E5-F4E9-49BE-980A-9D14ED2EA5E0}.Debug|x64.Build.0 = Debug|Any CPU
		{543FB1E5-F4E9-49BE-980A-9D14ED2EA5E0}.Debug|x86.ActiveCfg = Debug|Any CPU
		{543FB1E5-F4E9-49BE-980A-9D14ED2EA5E0}.Debug|x86.Build.0 = Debug|Any CPU
		{543FB1E5-F4E9-49BE-980A-9D14ED2EA5E0}.Release|Any CPU.ActiveCfg = Release|Any CPU
		{543FB1E5-F4E9-49BE-980A-9D14ED2EA5E0}.Release|Any CPU.Build.0 = Release|Any CPU
		{543FB1E5-F4E9-49BE-980A-9D14ED2EA5E0}.Release|x64.ActiveCfg = Release|Any CPU
		{543FB1E5-F4E9-49BE-980A-9D14ED2EA5E0}.Release|x64.Build.0 = Release|Any CPU
		{543FB1E5-F4E9-49BE-980A-9D14ED2EA5E0}.Release|x86.ActiveCfg = Release|Any CPU
		{543FB1E5-F4E9-49BE-980A-9D14ED2EA5E0}.Release|x86.Build.0 = Release|Any CPU
	EndGlobalSection
	GlobalSection(SolutionProperties) = preSolution
		HideSolutionNode = FALSE
	EndGlobalSection
	GlobalSection(NestedProjects) = preSolution
		{CE48478F-D4F1-4523-89A0-0F7D3B9BAF85} = {F3A3C9DA-6C9E-41C0-87AB-70CBDFA4793B}
		{5DB2140C-A4C7-4BC6-813A-5195E6CE3DEE} = {F3A3C9DA-6C9E-41C0-87AB-70CBDFA4793B}
		{886DAC9E-A9FD-4612-8A96-BB1A17DFC1E1} = {F3A3C9DA-6C9E-41C0-87AB-70CBDFA4793B}
		{13DE6E2A-6739-4383-A051-12A415358B51} = {F3A3C9DA-6C9E-41C0-87AB-70CBDFA4793B}
		{7B8DAC30-3B1A-436C-8291-78AD204EAC53} = {3924BBB9-D6B6-4C99-B5D1-68306A9383B9}
		{DBAC6F9C-D0A5-47EF-B36D-5F84D2A0282E} = {B8BFC309-CC43-4601-8E50-32C538BB89DE}
		{1C1F2A7C-3B4A-44BC-86B5-E5E2C1A54178} = {F3A3C9DA-6C9E-41C0-87AB-70CBDFA4793B}
		{12AA4E6D-C2E1-4DE0-8154-8E473D43E87D} = {B8BFC309-CC43-4601-8E50-32C538BB89DE}
		{E459A7B1-73E5-4E16-B68D-62EC8DD688D6} = {1C1F2A7C-3B4A-44BC-86B5-E5E2C1A54178}
		{996A0300-F6EE-4966-A461-E0101184431A} = {1C1F2A7C-3B4A-44BC-86B5-E5E2C1A54178}
		{543FB1E5-F4E9-49BE-980A-9D14ED2EA5E0} = {12AA4E6D-C2E1-4DE0-8154-8E473D43E87D}
	EndGlobalSection
EndGlobal
